{
  "requires": true,
  "lockfileVersion": 1,
  "dependencies": {
    "cordova-plugin-facebook-account-kit": {
      "version": "0.1.6",
      "resolved": "https://registry.npmjs.org/cordova-plugin-facebook-account-kit/-/cordova-plugin-facebook-account-kit-0.1.6.tgz",
      "integrity": "sha1-otA56EdDDAev+dWLoxfKsRF4XrA="
    }
  }
}
